
Microsoft Visual Studio Solution File, Format Version 12.00
# Visual Studio Version 17
VisualStudioVersion = 17.14.36804.6 d17.14
MinimumVisualStudioVersion = 10.0.40219.1
Project("{FAE04EC0-301F-11D3-BF4B-00C04F79EFBC}") = "MedicalSymptomTriage", "MedicalSymptomTriage.csproj", "{2D35653A-EA9E-4942-AD72-752078FEB278}"
EndProject
Global
	GlobalSection(SolutionConfigurationPlatforms) = preSolution
		Debug|Any CPU = Debug|Any CPU
		Release|Any CPU = Release|Any CPU
	EndGlobalSection
	GlobalSection(ProjectConfigurationPlatforms) = postSolution
		{2D35653A-EA9E-4942-AD72-752078FEB278}.Debug|Any CPU.ActiveCfg = Debug|Any CPU
		{2D35653A-EA9E-4942-AD72-752078FEB278}.Debug|Any CPU.Build.0 = Debug|Any CPU
		{2D35653A-EA9E-4942-AD72-752078FEB278}.Release|Any CPU.ActiveCfg = Release|Any CPU
		{2D35653A-EA9E-4942-AD72-752078FEB278}.Release|Any CPU.Build.0 = Release|Any CPU
	EndGlobalSection
	GlobalSection(SolutionProperties) = preSolution
		HideSolutionNode = FALSE
	EndGlobalSection
	GlobalSection(ExtensibilityGlobals) = postSolution
		SolutionGuid = {FBDCA022-5529-433A-8272-E2B352E7CC2D}
	EndGlobalSection
EndGlobal
